
Microsoft Visual Studio Solution File, Format Version 12.00
# Visual Studio 14
VisualStudioVersion = 14.0.25420.1
MinimumVisualStudioVersion = 10.0.40219.1
Project("{2150E333-8FDC-42A3-9474-1A3956D46DE8}") = "src", "src", "{E1457786-76F9-4ACF-8450-AC16960E91F6}"
EndProject
Project("{2150E333-8FDC-42A3-9474-1A3956D46DE8}") = "Solution Items", "Solution Items", "{35B760FC-FB51-4A63-B7B5-11CDD4EF0D75}"
	ProjectSection(SolutionItems) = preProject
		global.json = global.json
	EndProjectSection
EndProject
Project("{8BB2217D-0F2D-49D1-97BC-3654ED321F3B}") = "PetaPoco.NetCore", "src\PetaPoco.NetCore\PetaPoco.NetCore.xproj", "{B0B52689-2C17-45B4-999F-4B4E557057B0}"
EndProject
Project("{8BB2217D-0F2D-49D1-97BC-3654ED321F3B}") = "PetaPoco.NetCore.NetCoreTest", "src\PetaPoco.NetCore.NetCoreTest\PetaPoco.NetCore.NetCoreTest.xproj", "{8B345742-3D84-4175-9A1F-52351EB4457F}"
EndProject
Project("{FAE04EC0-301F-11D3-BF4B-00C04F79EFBC}") = "PetaPoco.NetCore.NetFrameworkTest", "PetaPoco.NetCore.NetFrameworkTest\PetaPoco.NetCore.NetFrameworkTest.csproj", "{CE36E593-A66F-4082-ADBC-BCDB9A3EEC32}"
EndProject
Global
	GlobalSection(SolutionConfigurationPlatforms) = preSolution
		Debug|Any CPU = Debug|Any CPU
		Release|Any CPU = Release|Any CPU
	EndGlobalSection
	GlobalSection(ProjectConfigurationPlatforms) = postSolution
		{B0B52689-2C17-45B4-999F-4B4E557057B0}.Debug|Any CPU.ActiveCfg = Debug|Any CPU
		{B0B52689-2C17-45B4-999F-4B4E557057B0}.Debug|Any CPU.Build.0 = Debug|Any CPU
		{B0B52689-2C17-45B4-999F-4B4E557057B0}.Release|Any CPU.ActiveCfg = Release|Any CPU
		{B0B52689-2C17-45B4-999F-4B4E557057B0}.Release|Any CPU.Build.0 = Release|Any CPU
		{8B345742-3D84-4175-9A1F-52351EB4457F}.Debug|Any CPU.ActiveCfg = Debug|Any CPU
		{8B345742-3D84-4175-9A1F-52351EB4457F}.Debug|Any CPU.Build.0 = Debug|Any CPU
		{8B345742-3D84-4175-9A1F-52351EB4457F}.Release|Any CPU.ActiveCfg = Release|Any CPU
		{8B345742-3D84-4175-9A1F-52351EB4457F}.Release|Any CPU.Build.0 = Release|Any CPU
		{CE36E593-A66F-4082-ADBC-BCDB9A3EEC32}.Debug|Any CPU.ActiveCfg = Debug|Any CPU
		{CE36E593-A66F-4082-ADBC-BCDB9A3EEC32}.Debug|Any CPU.Build.0 = Debug|Any CPU
		{CE36E593-A66F-4082-ADBC-BCDB9A3EEC32}.Release|Any CPU.ActiveCfg = Release|Any CPU
		{CE36E593-A66F-4082-ADBC-BCDB9A3EEC32}.Release|Any CPU.Build.0 = Release|Any CPU
	EndGlobalSection
	GlobalSection(SolutionProperties) = preSolution
		HideSolutionNode = FALSE
	EndGlobalSection
	GlobalSection(NestedProjects) = preSolution
		{B0B52689-2C17-45B4-999F-4B4E557057B0} = {E1457786-76F9-4ACF-8450-AC16960E91F6}
		{8B345742-3D84-4175-9A1F-52351EB4457F} = {E1457786-76F9-4ACF-8450-AC16960E91F6}
		{CE36E593-A66F-4082-ADBC-BCDB9A3EEC32} = {E1457786-76F9-4ACF-8450-AC16960E91F6}
	EndGlobalSection
EndGlobal
